
Microsoft Visual Studio Solution File, Format Version 12.00
# Visual Studio Version 17
VisualStudioVersion = 17.3.32922.545
MinimumVisualStudioVersion = 10.0.40219.1
Project("{FAE04EC0-301F-11D3-BF4B-00C04F79EFBC}") = "FormDesiner", "FormDesiner.csproj", "{169544BF-BB59-4E33-8F89-0F03248DAFAB}"
EndProject
Global
	GlobalSection(SolutionConfigurationPlatforms) = preSolution
		Debug|Any CPU = Debug|Any CPU
		Release|Any CPU = Release|Any CPU
	EndGlobalSection
	GlobalSection(ProjectConfigurationPlatforms) = postSolution
		{169544BF-BB59-4E33-8F89-0F03248DAFAB}.Debug|Any CPU.ActiveCfg = Debug|Any CPU
		{169544BF-BB59-4E33-8F89-0F03248DAFAB}.Debug|Any CPU.Build.0 = Debug|Any CPU
		{169544BF-BB59-4E33-8F89-0F03248DAFAB}.Release|Any CPU.ActiveCfg = Release|Any CPU
		{169544BF-BB59-4E33-8F89-0F03248DAFAB}.Release|Any CPU.Build.0 = Release|Any CPU
	EndGlobalSection
	GlobalSection(SolutionProperties) = preSolution
		HideSolutionNode = FALSE
	EndGlobalSection
	GlobalSection(ExtensibilityGlobals) = postSolution
		SolutionGuid = {09B3E5B8-0948-4349-933A-4BBDAD757887}
	EndGlobalSection
EndGlobal
